
Microsoft Visual Studio Solution File, Format Version 12.00
# Visual Studio Version 16
VisualStudioVersion = 16.0.30503.244
MinimumVisualStudioVersion = 10.0.40219.1
Project("{FAE04EC0-301F-11D3-BF4B-00C04F79EFBC}") = "ADOForm_ver1_1900", "ADOForm_ver1_1900.csproj", "{F2D583FB-A3DC-4FC4-9A4C-B5BC3711109A}"
EndProject
Global
	GlobalSection(SolutionConfigurationPlatforms) = preSolution
		Debug|Any CPU = Debug|Any CPU
		Release|Any CPU = Release|Any CPU
	EndGlobalSection
	GlobalSection(ProjectConfigurationPlatforms) = postSolution
		{F2D583FB-A3DC-4FC4-9A4C-B5BC3711109A}.Debug|Any CPU.ActiveCfg = Debug|Any CPU
		{F2D583FB-A3DC-4FC4-9A4C-B5BC3711109A}.Debug|Any CPU.Build.0 = Debug|Any CPU
		{F2D583FB-A3DC-4FC4-9A4C-B5BC3711109A}.Release|Any CPU.ActiveCfg = Release|Any CPU
		{F2D583FB-A3DC-4FC4-9A4C-B5BC3711109A}.Release|Any CPU.Build.0 = Release|Any CPU
	EndGlobalSection
	GlobalSection(SolutionProperties) = preSolution
		HideSolutionNode = FALSE
	EndGlobalSection
	GlobalSection(ExtensibilityGlobals) = postSolution
		SolutionGuid = {9486FAE4-470C-4DCE-A310-88E85B18A468}
	EndGlobalSection
EndGlobal
